
Microsoft Visual Studio Solution File, Format Version 12.00
# Visual Studio 14
VisualStudioVersion = 14.0.23107.0
MinimumVisualStudioVersion = 10.0.40219.1
Project("{8BC9CEB8-8B4A-11D0-8D11-00A0C91BC942}") = "array_view_perftest", "array_view_perftest\array_view_perftest.vcxproj", "{78AF10F5-C5F9-4716-8ABD-13F5F5F529FF}"
EndProject
Project("{8BC9CEB8-8B4A-11D0-8D11-00A0C91BC942}") = "GSL", "GSL\GSL.vcxproj", "{2C738B6A-922E-41FA-B859-3044BE97EB22}"
EndProject
Project("{8BC9CEB8-8B4A-11D0-8D11-00A0C91BC942}") = "ParallelSTL", "ParallelSTL\ParallelSTL.vcxproj", "{466C63A8-6776-41D5-B849-FD6587F7B7D7}"
EndProject
Global
	GlobalSection(SolutionConfigurationPlatforms) = preSolution
		Debug|x64 = Debug|x64
		Debug|x86 = Debug|x86
		DebugFast|x64 = DebugFast|x64
		DebugFast|x86 = DebugFast|x86
		Release|x64 = Release|x64
		Release|x86 = Release|x86
		ReleaseFast|x64 = ReleaseFast|x64
		ReleaseFast|x86 = ReleaseFast|x86
	EndGlobalSection
	GlobalSection(ProjectConfigurationPlatforms) = postSolution
		{78AF10F5-C5F9-4716-8ABD-13F5F5F529FF}.Debug|x64.ActiveCfg = Debug|x64
		{78AF10F5-C5F9-4716-8ABD-13F5F5F529FF}.Debug|x64.Build.0 = Debug|x64
		{78AF10F5-C5F9-4716-8ABD-13F5F5F529FF}.Debug|x86.ActiveCfg = Debug|Win32
		{78AF10F5-C5F9-4716-8ABD-13F5F5F529FF}.Debug|x86.Build.0 = Debug|Win32
		{78AF10F5-C5F9-4716-8ABD-13F5F5F529FF}.DebugFast|x64.ActiveCfg = DebugFast|x64
		{78AF10F5-C5F9-4716-8ABD-13F5F5F529FF}.DebugFast|x64.Build.0 = DebugFast|x64
		{78AF10F5-C5F9-4716-8ABD-13F5F5F529FF}.DebugFast|x86.ActiveCfg = DebugFast|Win32
		{78AF10F5-C5F9-4716-8ABD-13F5F5F529FF}.DebugFast|x86.Build.0 = DebugFast|Win32
		{78AF10F5-C5F9-4716-8ABD-13F5F5F529FF}.Release|x64.ActiveCfg = Release|x64
		{78AF10F5-C5F9-4716-8ABD-13F5F5F529FF}.Release|x64.Build.0 = Release|x64
		{78AF10F5-C5F9-4716-8ABD-13F5F5F529FF}.Release|x86.ActiveCfg = Release|Win32
		{78AF10F5-C5F9-4716-8ABD-13F5F5F529FF}.Release|x86.Build.0 = Release|Win32
		{78AF10F5-C5F9-4716-8ABD-13F5F5F529FF}.ReleaseFast|x64.ActiveCfg = ReleaseFast|x64
		{78AF10F5-C5F9-4716-8ABD-13F5F5F529FF}.ReleaseFast|x64.Build.0 = ReleaseFast|x64
		{78AF10F5-C5F9-4716-8ABD-13F5F5F529FF}.ReleaseFast|x86.ActiveCfg = ReleaseFast|Win32
		{78AF10F5-C5F9-4716-8ABD-13F5F5F529FF}.ReleaseFast|x86.Build.0 = ReleaseFast|Win32
		{2C738B6A-922E-41FA-B859-3044BE97EB22}.Debug|x64.ActiveCfg = Debug|x64
		{2C738B6A-922E-41FA-B859-3044BE97EB22}.Debug|x64.Build.0 = Debug|x64
		{2C738B6A-922E-41FA-B859-3044BE97EB22}.Debug|x86.ActiveCfg = Debug|Win32
		{2C738B6A-922E-41FA-B859-3044BE97EB22}.Debug|x86.Build.0 = Debug|Win32
		{2C738B6A-922E-41FA-B859-3044BE97EB22}.DebugFast|x64.ActiveCfg = DebugFast|x64
		{2C738B6A-922E-41FA-B859-3044BE97EB22}.DebugFast|x64.Build.0 = DebugFast|x64
		{2C738B6A-922E-41FA-B859-3044BE97EB22}.DebugFast|x86.ActiveCfg = DebugFast|Win32
		{2C738B6A-922E-41FA-B859-3044BE97EB22}.DebugFast|x86.Build.0 = DebugFast|Win32
		{2C738B6A-922E-41FA-B859-3044BE97EB22}.Release|x64.ActiveCfg = Release|x64
		{2C738B6A-922E-41FA-B859-3044BE97EB22}.Release|x64.Build.0 = Release|x64
		{2C738B6A-922E-41FA-B859-3044BE97EB22}.Release|x86.ActiveCfg = Release|Win32
		{2C738B6A-922E-41FA-B859-3044BE97EB22}.Release|x86.Build.0 = Release|Win32
		{2C738B6A-922E-41FA-B859-3044BE97EB22}.ReleaseFast|x64.ActiveCfg = ReleaseFast|x64
		{2C738B6A-922E-41FA-B859-3044BE97EB22}.ReleaseFast|x64.Build.0 = ReleaseFast|x64
		{2C738B6A-922E-41FA-B859-3044BE97EB22}.ReleaseFast|x86.ActiveCfg = ReleaseFast|Win32
		{2C738B6A-922E-41FA-B859-3044BE97EB22}.ReleaseFast|x86.Build.0 = ReleaseFast|Win32
		{466C63A8-6776-41D5-B849-FD6587F7B7D7}.Debug|x64.ActiveCfg = Debug|x64
		{466C63A8-6776-41D5-B849-FD6587F7B7D7}.Debug|x64.Build.0 = Debug|x64
		{466C63A8-6776-41D5-B849-FD6587F7B7D7}.Debug|x86.ActiveCfg = Debug|Win32
		{466C63A8-6776-41D5-B849-FD6587F7B7D7}.Debug|x86.Build.0 = Debug|Win32
		{466C63A8-6776-41D5-B849-FD6587F7B7D7}.DebugFast|x64.ActiveCfg = DebugFast|x64
		{466C63A8-6776-41D5-B849-FD6587F7B7D7}.DebugFast|x64.Build.0 = DebugFast|x64
		{466C63A8-6776-41D5-B849-FD6587F7B7D7}.DebugFast|x86.ActiveCfg = DebugFast|Win32
		{466C63A8-6776-41D5-B849-FD6587F7B7D7}.DebugFast|x86.Build.0 = DebugFast|Win32
		{466C63A8-6776-41D5-B849-FD6587F7B7D7}.Release|x64.ActiveCfg = Release|x64
		{466C63A8-6776-41D5-B849-FD6587F7B7D7}.Release|x64.Build.0 = Release|x64
		{466C63A8-6776-41D5-B849-FD6587F7B7D7}.Release|x86.ActiveCfg = Release|Win32
		{466C63A8-6776-41D5-B849-FD6587F7B7D7}.Release|x86.Build.0 = Release|Win32
		{466C63A8-6776-41D5-B849-FD6587F7B7D7}.ReleaseFast|x64.ActiveCfg = ReleaseFast|x64
		{466C63A8-6776-41D5-B849-FD6587F7B7D7}.ReleaseFast|x64.Build.0 = ReleaseFast|x64
		{466C63A8-6776-41D5-B849-FD6587F7B7D7}.ReleaseFast|x86.ActiveCfg = ReleaseFast|Win32
		{466C63A8-6776-41D5-B849-FD6587F7B7D7}.ReleaseFast|x86.Build.0 = ReleaseFast|Win32
	EndGlobalSection
	GlobalSection(SolutionProperties) = preSolution
		HideSolutionNode = FALSE
	EndGlobalSection
EndGlobal
